
Microsoft Visual Studio Solution File, Format Version 12.00
# Visual Studio 2013
VisualStudioVersion = 12.0.21005.1
MinimumVisualStudioVersion = 10.0.40219.1
Project("{FAE04EC0-301F-11D3-BF4B-00C04F79EFBC}") = "AngularJSMVC", "AngularJSMVC\AngularJSMVC.csproj", "{AD65B370-EB0A-4419-B14C-B45348F50081}"
EndProject
Global
	GlobalSection(SolutionConfigurationPlatforms) = preSolution
		Debug|Any CPU = Debug|Any CPU
		Release|Any CPU = Release|Any CPU
	EndGlobalSection
	GlobalSection(ProjectConfigurationPlatforms) = postSolution
		{AD65B370-EB0A-4419-B14C-B45348F50081}.Debug|Any CPU.ActiveCfg = Debug|Any CPU
		{AD65B370-EB0A-4419-B14C-B45348F50081}.Debug|Any CPU.Build.0 = Debug|Any CPU
		{AD65B370-EB0A-4419-B14C-B45348F50081}.Release|Any CPU.ActiveCfg = Release|Any CPU
		{AD65B370-EB0A-4419-B14C-B45348F50081}.Release|Any CPU.Build.0 = Release|Any CPU
	EndGlobalSection
	GlobalSection(SolutionProperties) = preSolution
		HideSolutionNode = FALSE
	EndGlobalSection
EndGlobal
